
Microsoft Visual Studio Solution File, Format Version 12.00
Project("{FAE04EC0-301F-11D3-BF4B-00C04F79EFBC}") = "ThreadingBase", "ThreadingBase\ThreadingBase.csproj", "{65F2EBB2-8785-47A9-AE0C-AC508676A243}"
EndProject
Project("{FAE04EC0-301F-11D3-BF4B-00C04F79EFBC}") = "SynchronizationBase", "SynchronizationBase\SynchronizationBase.csproj", "{34DFD6FB-324D-4F48-BAF9-8380EF226222}"
EndProject
Global
	GlobalSection(SolutionConfigurationPlatforms) = preSolution
		Debug|Any CPU = Debug|Any CPU
		Release|Any CPU = Release|Any CPU
	EndGlobalSection
	GlobalSection(NestedProjects) = preSolution
	EndGlobalSection
	GlobalSection(ProjectConfigurationPlatforms) = postSolution
		{65F2EBB2-8785-47A9-AE0C-AC508676A243}.Debug|Any CPU.ActiveCfg = Debug|Any CPU
		{65F2EBB2-8785-47A9-AE0C-AC508676A243}.Debug|Any CPU.Build.0 = Debug|Any CPU
		{65F2EBB2-8785-47A9-AE0C-AC508676A243}.Release|Any CPU.ActiveCfg = Release|Any CPU
		{65F2EBB2-8785-47A9-AE0C-AC508676A243}.Release|Any CPU.Build.0 = Release|Any CPU
		{34DFD6FB-324D-4F48-BAF9-8380EF226222}.Debug|Any CPU.ActiveCfg = Debug|Any CPU
		{34DFD6FB-324D-4F48-BAF9-8380EF226222}.Debug|Any CPU.Build.0 = Debug|Any CPU
		{34DFD6FB-324D-4F48-BAF9-8380EF226222}.Release|Any CPU.ActiveCfg = Release|Any CPU
		{34DFD6FB-324D-4F48-BAF9-8380EF226222}.Release|Any CPU.Build.0 = Release|Any CPU
	EndGlobalSection
EndGlobal
